
Microsoft Visual Studio Solution File, Format Version 11.00
# Visual Studio 2010
Project("{FAE04EC0-301F-11D3-BF4B-00C04F79EFBC}") = "Compiler", "Compiler.csproj", "{0A70EDD2-F0E8-C5DC-1151-4B5FC2B96811}"
EndProject
Global
	GlobalSection(SolutionConfigurationPlatforms) = preSolution
		Debug|Any CPU = Debug|Any CPU
		Release|Any CPU = Release|Any CPU
	EndGlobalSection
	GlobalSection(ProjectConfigurationPlatforms) = postSolution
		{0A70EDD2-F0E8-C5DC-1151-4B5FC2B96811}.Debug|Any CPU.ActiveCfg = Debug|Any CPU
		{0A70EDD2-F0E8-C5DC-1151-4B5FC2B96811}.Debug|Any CPU.Build.0 = Debug|Any CPU
		{0A70EDD2-F0E8-C5DC-1151-4B5FC2B96811}.Release|Any CPU.ActiveCfg = Release|Any CPU
		{0A70EDD2-F0E8-C5DC-1151-4B5FC2B96811}.Release|Any CPU.Build.0 = Release|Any CPU
	EndGlobalSection
	GlobalSection(SolutionProperties) = preSolution
		HideSolutionNode = FALSE
	EndGlobalSection
EndGlobal
