
Microsoft Visual Studio Solution File, Format Version 11.00
# Visual Studio 2010
Project("{FAE04EC0-301F-11D3-BF4B-00C04F79EFBC}") = "Assembly-CSharp", "Assembly-CSharp.csproj", "{7C735A1F-9003-3FDC-52E8-6BF18BDA4E41}"
EndProject
Project("{FAE04EC0-301F-11D3-BF4B-00C04F79EFBC}") = "Assembly-CSharp-Editor", "Assembly-CSharp-Editor.csproj", "{E64FE92B-9C67-A946-2EE9-380BAAD4A9F2}"
EndProject
Global
	GlobalSection(SolutionConfigurationPlatforms) = preSolution
		Debug|Any CPU = Debug|Any CPU
		Release|Any CPU = Release|Any CPU
	EndGlobalSection
	GlobalSection(ProjectConfigurationPlatforms) = postSolution
		{7C735A1F-9003-3FDC-52E8-6BF18BDA4E41}.Debug|Any CPU.ActiveCfg = Debug|Any CPU
		{7C735A1F-9003-3FDC-52E8-6BF18BDA4E41}.Debug|Any CPU.Build.0 = Debug|Any CPU
		{7C735A1F-9003-3FDC-52E8-6BF18BDA4E41}.Release|Any CPU.ActiveCfg = Release|Any CPU
		{7C735A1F-9003-3FDC-52E8-6BF18BDA4E41}.Release|Any CPU.Build.0 = Release|Any CPU
		{E64FE92B-9C67-A946-2EE9-380BAAD4A9F2}.Debug|Any CPU.ActiveCfg = Debug|Any CPU
		{E64FE92B-9C67-A946-2EE9-380BAAD4A9F2}.Debug|Any CPU.Build.0 = Debug|Any CPU
		{E64FE92B-9C67-A946-2EE9-380BAAD4A9F2}.Release|Any CPU.ActiveCfg = Release|Any CPU
		{E64FE92B-9C67-A946-2EE9-380BAAD4A9F2}.Release|Any CPU.Build.0 = Release|Any CPU
	EndGlobalSection
	GlobalSection(SolutionProperties) = preSolution
		HideSolutionNode = FALSE
	EndGlobalSection
EndGlobal
