
Microsoft Visual Studio Solution File, Format Version 11.00
# Visual Studio 2010
Project("{FAE04EC0-301F-11D3-BF4B-00C04F79EFBC}") = "PlattarSelectiveCompile", "PlattarSelectiveCompile.csproj", "{af063db3-e57e-6b3d-4105-3276c73a8cd2}"
EndProject
Project("{FAE04EC0-301F-11D3-BF4B-00C04F79EFBC}") = "Compiler", "Compiler.csproj", "{d2ed700a-e8f0-dcc5-1151-4b5fc2b96811}"
EndProject
Project("{FAE04EC0-301F-11D3-BF4B-00C04F79EFBC}") = "PlattarCompile", "PlattarCompile.csproj", "{457b0c79-470b-083a-ec5a-b502329d8d77}"
EndProject
Global
	GlobalSection(SolutionConfigurationPlatforms) = preSolution
		Debug|Any CPU = Debug|Any CPU
	EndGlobalSection
	GlobalSection(ProjectConfigurationPlatforms) = postSolution
		{af063db3-e57e-6b3d-4105-3276c73a8cd2}.Debug|Any CPU.ActiveCfg = Debug|Any CPU
		{af063db3-e57e-6b3d-4105-3276c73a8cd2}.Debug|Any CPU.Build.0 = Debug|Any CPU
		{d2ed700a-e8f0-dcc5-1151-4b5fc2b96811}.Debug|Any CPU.ActiveCfg = Debug|Any CPU
		{d2ed700a-e8f0-dcc5-1151-4b5fc2b96811}.Debug|Any CPU.Build.0 = Debug|Any CPU
		{457b0c79-470b-083a-ec5a-b502329d8d77}.Debug|Any CPU.ActiveCfg = Debug|Any CPU
		{457b0c79-470b-083a-ec5a-b502329d8d77}.Debug|Any CPU.Build.0 = Debug|Any CPU
	EndGlobalSection
	GlobalSection(SolutionProperties) = preSolution
		HideSolutionNode = FALSE
	EndGlobalSection
EndGlobal
